
Microsoft Visual Studio Solution File, Format Version 12.00
# Visual Studio Version 17
VisualStudioVersion = 17.5.002.0
MinimumVisualStudioVersion = 10.0.40219.1
Project("{9A19103F-16F7-4668-BE54-9A1E7A4F7556}") = "audBackEnd", "audBackEnd\audBackEnd.csproj", "{9A1F4A80-AD66-4511-B1A9-F8C302AEA696}"
EndProject
Global
	GlobalSection(SolutionConfigurationPlatforms) = preSolution
		Debug|Any CPU = Debug|Any CPU
		Release|Any CPU = Release|Any CPU
	EndGlobalSection
	GlobalSection(ProjectConfigurationPlatforms) = postSolution
		{9A1F4A80-AD66-4511-B1A9-F8C302AEA696}.Debug|Any CPU.ActiveCfg = Debug|Any CPU
		{9A1F4A80-AD66-4511-B1A9-F8C302AEA696}.Debug|Any CPU.Build.0 = Debug|Any CPU
		{9A1F4A80-AD66-4511-B1A9-F8C302AEA696}.Release|Any CPU.ActiveCfg = Release|Any CPU
		{9A1F4A80-AD66-4511-B1A9-F8C302AEA696}.Release|Any CPU.Build.0 = Release|Any CPU
	EndGlobalSection
	GlobalSection(SolutionProperties) = preSolution
		HideSolutionNode = FALSE
	EndGlobalSection
	GlobalSection(ExtensibilityGlobals) = postSolution
		SolutionGuid = {979E8E79-EFD2-492F-ABD4-B30378B070E5}
	EndGlobalSection
EndGlobal
